
Microsoft Visual Studio Solution File, Format Version 12.00
# Visual Studio Version 17
VisualStudioVersion = 17.6.33829.357
MinimumVisualStudioVersion = 10.0.40219.1
Project("{FAE04EC0-301F-11D3-BF4B-00C04F79EFBC}") = "GameTetris", "GameTetris\GameTetris.csproj", "{551F5265-457D-4288-806B-8350EA5014E9}"
EndProject
Project("{2150E333-8FDC-42A3-9474-1A3956D46DE8}") = "Solution Items", "Solution Items", "{3E66BBC8-5994-4E4A-ADDC-DFD6303E45EF}"
	ProjectSection(SolutionItems) = preProject
		Directory.Build.props = Directory.Build.props
	EndProjectSection
EndProject
Global
	GlobalSection(SolutionConfigurationPlatforms) = preSolution
		Debug|Any CPU = Debug|Any CPU
		Release|Any CPU = Release|Any CPU
	EndGlobalSection
	GlobalSection(ProjectConfigurationPlatforms) = postSolution
		{551F5265-457D-4288-806B-8350EA5014E9}.Debug|Any CPU.ActiveCfg = Debug|Any CPU
		{551F5265-457D-4288-806B-8350EA5014E9}.Debug|Any CPU.Build.0 = Debug|Any CPU
		{551F5265-457D-4288-806B-8350EA5014E9}.Release|Any CPU.ActiveCfg = Release|Any CPU
		{551F5265-457D-4288-806B-8350EA5014E9}.Release|Any CPU.Build.0 = Release|Any CPU
	EndGlobalSection
	GlobalSection(SolutionProperties) = preSolution
		HideSolutionNode = FALSE
	EndGlobalSection
	GlobalSection(ExtensibilityGlobals) = postSolution
		SolutionGuid = {FBE06162-19E9-440B-812A-A24C34F170F6}
	EndGlobalSection
EndGlobal
